
Microsoft Visual Studio Solution File, Format Version 12.00
# Visual Studio Version 16
VisualStudioVersion = 16.0.30011.22
MinimumVisualStudioVersion = 10.0.40219.1
Project("{FAE04EC0-301F-11D3-BF4B-00C04F79EFBC}") = "ConsultarCEP.UWP", "ConsultarCEP.UWP\ConsultarCEP.UWP.csproj", "{1F0052D9-8267-4968-AE34-56C522609B73}"
EndProject
Project("{FAE04EC0-301F-11D3-BF4B-00C04F79EFBC}") = "ConsultarCEP.Android", "ConsultarCEP.Android\ConsultarCEP.Android.csproj", "{17E5EC0B-C9CA-4EA6-84D0-5AA9B6B237A0}"
EndProject
Project("{FAE04EC0-301F-11D3-BF4B-00C04F79EFBC}") = "ConsultarCEP.iOS", "ConsultarCEP.iOS\ConsultarCEP.iOS.csproj", "{4C17E066-EB54-4ED7-9CEB-5492709F81F3}"
EndProject
Project("{FAE04EC0-301F-11D3-BF4B-00C04F79EFBC}") = "ConsultarCEP", "ConsultarCEP\ConsultarCEP.csproj", "{C463B52B-CA46-4306-A051-3CCF8FA360DA}"
EndProject
Global
	GlobalSection(SolutionConfigurationPlatforms) = preSolution
		Debug|Any CPU = Debug|Any CPU
		Debug|ARM = Debug|ARM
		Debug|iPhone = Debug|iPhone
		Debug|iPhoneSimulator = Debug|iPhoneSimulator
		Debug|x64 = Debug|x64
		Debug|x86 = Debug|x86
		Release|Any CPU = Release|Any CPU
		Release|ARM = Release|ARM
		Release|iPhone = Release|iPhone
		Release|iPhoneSimulator = Release|iPhoneSimulator
		Release|x64 = Release|x64
		Release|x86 = Release|x86
	EndGlobalSection
	GlobalSection(ProjectConfigurationPlatforms) = postSolution
		{1F0052D9-8267-4968-AE34-56C522609B73}.Debug|Any CPU.ActiveCfg = Debug|x86
		{1F0052D9-8267-4968-AE34-56C522609B73}.Debug|Any CPU.Build.0 = Debug|x86
		{1F0052D9-8267-4968-AE34-56C522609B73}.Debug|Any CPU.Deploy.0 = Debug|x86
		{1F0052D9-8267-4968-AE34-56C522609B73}.Debug|ARM.ActiveCfg = Debug|ARM
		{1F0052D9-8267-4968-AE34-56C522609B73}.Debug|ARM.Build.0 = Debug|ARM
		{1F0052D9-8267-4968-AE34-56C522609B73}.Debug|ARM.Deploy.0 = Debug|ARM
		{1F0052D9-8267-4968-AE34-56C522609B73}.Debug|iPhone.ActiveCfg = Debug|x86
		{1F0052D9-8267-4968-AE34-56C522609B73}.Debug|iPhone.Build.0 = Debug|x86
		{1F0052D9-8267-4968-AE34-56C522609B73}.Debug|iPhone.Deploy.0 = Debug|x86
		{1F0052D9-8267-4968-AE34-56C522609B73}.Debug|iPhoneSimulator.ActiveCfg = Debug|x86
		{1F0052D9-8267-4968-AE34-56C522609B73}.Debug|iPhoneSimulator.Build.0 = Debug|x86
		{1F0052D9-8267-4968-AE34-56C522609B73}.Debug|iPhoneSimulator.Deploy.0 = Debug|x86
		{1F0052D9-8267-4968-AE34-56C522609B73}.Debug|x64.ActiveCfg = Debug|x64
		{1F0052D9-8267-4968-AE34-56C522609B73}.Debug|x64.Build.0 = Debug|x64
		{1F0052D9-8267-4968-AE34-56C522609B73}.Debug|x64.Deploy.0 = Debug|x64
		{1F0052D9-8267-4968-AE34-56C522609B73}.Debug|x86.ActiveCfg = Debug|x86
		{1F0052D9-8267-4968-AE34-56C522609B73}.Debug|x86.Build.0 = Debug|x86
		{1F0052D9-8267-4968-AE34-56C522609B73}.Debug|x86.Deploy.0 = Debug|x86
		{1F0052D9-8267-4968-AE34-56C522609B73}.Release|Any CPU.ActiveCfg = Release|x86
		{1F0052D9-8267-4968-AE34-56C522609B73}.Release|Any CPU.Build.0 = Release|x86
		{1F0052D9-8267-4968-AE34-56C522609B73}.Release|Any CPU.Deploy.0 = Release|x86
		{1F0052D9-8267-4968-AE34-56C522609B73}.Release|ARM.ActiveCfg = Release|ARM
		{1F0052D9-8267-4968-AE34-56C522609B73}.Release|ARM.Build.0 = Release|ARM
		{1F0052D9-8267-4968-AE34-56C522609B73}.Release|ARM.Deploy.0 = Release|ARM
		{1F0052D9-8267-4968-AE34-56C522609B73}.Release|iPhone.ActiveCfg = Release|x86
		{1F0052D9-8267-4968-AE34-56C522609B73}.Release|iPhone.Build.0 = Release|x86
		{1F0052D9-8267-4968-AE34-56C522609B73}.Release|iPhone.Deploy.0 = Release|x86
		{1F0052D9-8267-4968-AE34-56C522609B73}.Release|iPhoneSimulator.ActiveCfg = Release|x86
		{1F0052D9-8267-4968-AE34-56C522609B73}.Release|iPhoneSimulator.Build.0 = Release|x86
		{1F0052D9-8267-4968-AE34-56C522609B73}.Release|iPhoneSimulator.Deploy.0 = Release|x86
		{1F0052D9-8267-4968-AE34-56C522609B73}.Release|x64.ActiveCfg = Release|x64
		{1F0052D9-8267-4968-AE34-56C522609B73}.Release|x64.Build.0 = Release|x64
		{1F0052D9-8267-4968-AE34-56C522609B73}.Release|x64.Deploy.0 = Release|x64
		{1F0052D9-8267-4968-AE34-56C522609B73}.Release|x86.ActiveCfg = Release|x86
		{1F0052D9-8267-4968-AE34-56C522609B73}.Release|x86.Build.0 = Release|x86
		{1F0052D9-8267-4968-AE34-56C522609B73}.Release|x86.Deploy.0 = Release|x86
		{17E5EC0B-C9CA-4EA6-84D0-5AA9B6B237A0}.Debug|Any CPU.ActiveCfg = Debug|Any CPU
		{17E5EC0B-C9CA-4EA6-84D0-5AA9B6B237A0}.Debug|Any CPU.Build.0 = Debug|Any CPU
		{17E5EC0B-C9CA-4EA6-84D0-5AA9B6B237A0}.Debug|Any CPU.Deploy.0 = Debug|Any CPU
		{17E5EC0B-C9CA-4EA6-84D0-5AA9B6B237A0}.Debug|ARM.ActiveCfg = Debug|Any CPU
		{17E5EC0B-C9CA-4EA6-84D0-5AA9B6B237A0}.Debug|ARM.Build.0 = Debug|Any CPU
		{17E5EC0B-C9CA-4EA6-84D0-5AA9B6B237A0}.Debug|ARM.Deploy.0 = Debug|Any CPU
		{17E5EC0B-C9CA-4EA6-84D0-5AA9B6B237A0}.Debug|iPhone.ActiveCfg = Debug|Any CPU
		{17E5EC0B-C9CA-4EA6-84D0-5AA9B6B237A0}.Debug|iPhone.Build.0 = Debug|Any CPU
		{17E5EC0B-C9CA-4EA6-84D0-5AA9B6B237A0}.Debug|iPhone.Deploy.0 = Debug|Any CPU
		{17E5EC0B-C9CA-4EA6-84D0-5AA9B6B237A0}.Debug|iPhoneSimulator.ActiveCfg = Debug|Any CPU
		{17E5EC0B-C9CA-4EA6-84D0-5AA9B6B237A0}.Debug|iPhoneSimulator.Build.0 = Debug|Any CPU
		{17E5EC0B-C9CA-4EA6-84D0-5AA9B6B237A0}.Debug|iPhoneSimulator.Deploy.0 = Debug|Any CPU
		{17E5EC0B-C9CA-4EA6-84D0-5AA9B6B237A0}.Debug|x64.ActiveCfg = Debug|Any CPU
		{17E5EC0B-C9CA-4EA6-84D0-5AA9B6B237A0}.Debug|x64.Build.0 = Debug|Any CPU
		{17E5EC0B-C9CA-4EA6-84D0-5AA9B6B237A0}.Debug|x64.Deploy.0 = Debug|Any CPU
		{17E5EC0B-C9CA-4EA6-84D0-5AA9B6B237A0}.Debug|x86.ActiveCfg = Debug|Any CPU
		{17E5EC0B-C9CA-4EA6-84D0-5AA9B6B237A0}.Debug|x86.Build.0 = Debug|Any CPU
		{17E5EC0B-C9CA-4EA6-84D0-5AA9B6B237A0}.Debug|x86.Deploy.0 = Debug|Any CPU
		{17E5EC0B-C9CA-4EA6-84D0-5AA9B6B237A0}.Release|Any CPU.ActiveCfg = Release|Any CPU
		{17E5EC0B-C9CA-4EA6-84D0-5AA9B6B237A0}.Release|Any CPU.Build.0 = Release|Any CPU
		{17E5EC0B-C9CA-4EA6-84D0-5AA9B6B237A0}.Release|Any CPU.Deploy.0 = Release|Any CPU
		{17E5EC0B-C9CA-4EA6-84D0-5AA9B6B237A0}.Release|ARM.ActiveCfg = Release|Any CPU
		{17E5EC0B-C9CA-4EA6-84D0-5AA9B6B237A0}.Release|ARM.Build.0 = Release|Any CPU
		{17E5EC0B-C9CA-4EA6-84D0-5AA9B6B237A0}.Release|ARM.Deploy.0 = Release|Any CPU
		{17E5EC0B-C9CA-4EA6-84D0-5AA9B6B237A0}.Release|iPhone.ActiveCfg = Release|Any CPU
		{17E5EC0B-C9CA-4EA6-84D0-5AA9B6B237A0}.Release|iPhone.Build.0 = Release|Any CPU
		{17E5EC0B-C9CA-4EA6-84D0-5AA9B6B237A0}.Release|iPhone.Deploy.0 = Release|Any CPU
		{17E5EC0B-C9CA-4EA6-84D0-5AA9B6B237A0}.Release|iPhoneSimulator.ActiveCfg = Release|Any CPU
		{17E5EC0B-C9CA-4EA6-84D0-5AA9B6B237A0}.Release|iPhoneSimulator.Build.0 = Release|Any CPU
		{17E5EC0B-C9CA-4EA6-84D0-5AA9B6B237A0}.Release|iPhoneSimulator.Deploy.0 = Release|Any CPU
		{17E5EC0B-C9CA-4EA6-84D0-5AA9B6B237A0}.Release|x64.ActiveCfg = Release|Any CPU
		{17E5EC0B-C9CA-4EA6-84D0-5AA9B6B237A0}.Release|x64.Build.0 = Release|Any CPU
		{17E5EC0B-C9CA-4EA6-84D0-5AA9B6B237A0}.Release|x64.Deploy.0 = Release|Any CPU
		{17E5EC0B-C9CA-4EA6-84D0-5AA9B6B237A0}.Release|x86.ActiveCfg = Release|Any CPU
		{17E5EC0B-C9CA-4EA6-84D0-5AA9B6B237A0}.Release|x86.Build.0 = Release|Any CPU
		{17E5EC0B-C9CA-4EA6-84D0-5AA9B6B237A0}.Release|x86.Deploy.0 = Release|Any CPU
		{4C17E066-EB54-4ED7-9CEB-5492709F81F3}.Debug|Any CPU.ActiveCfg = Debug|iPhone
		{4C17E066-EB54-4ED7-9CEB-5492709F81F3}.Debug|Any CPU.Build.0 = Debug|iPhone
		{4C17E066-EB54-4ED7-9CEB-5492709F81F3}.Debug|Any CPU.Deploy.0 = Debug|iPhone
		{4C17E066-EB54-4ED7-9CEB-5492709F81F3}.Debug|ARM.ActiveCfg = Debug|iPhone
		{4C17E066-EB54-4ED7-9CEB-5492709F81F3}.Debug|ARM.Build.0 = Debug|iPhone
		{4C17E066-EB54-4ED7-9CEB-5492709F81F3}.Debug|ARM.Deploy.0 = Debug|iPhone
		{4C17E066-EB54-4ED7-9CEB-5492709F81F3}.Debug|iPhone.ActiveCfg = Debug|iPhone
		{4C17E066-EB54-4ED7-9CEB-5492709F81F3}.Debug|iPhone.Build.0 = Debug|iPhone
		{4C17E066-EB54-4ED7-9CEB-5492709F81F3}.Debug|iPhone.Deploy.0 = Debug|iPhone
		{4C17E066-EB54-4ED7-9CEB-5492709F81F3}.Debug|iPhoneSimulator.ActiveCfg = Debug|iPhoneSimulator
		{4C17E066-EB54-4ED7-9CEB-5492709F81F3}.Debug|iPhoneSimulator.Build.0 = Debug|iPhoneSimulator
		{4C17E066-EB54-4ED7-9CEB-5492709F81F3}.Debug|iPhoneSimulator.Deploy.0 = Debug|iPhoneSimulator
		{4C17E066-EB54-4ED7-9CEB-5492709F81F3}.Debug|x64.ActiveCfg = Debug|iPhone
		{4C17E066-EB54-4ED7-9CEB-5492709F81F3}.Debug|x64.Build.0 = Debug|iPhone
		{4C17E066-EB54-4ED7-9CEB-5492709F81F3}.Debug|x64.Deploy.0 = Debug|iPhone
		{4C17E066-EB54-4ED7-9CEB-5492709F81F3}.Debug|x86.ActiveCfg = Debug|iPhone
		{4C17E066-EB54-4ED7-9CEB-5492709F81F3}.Debug|x86.Build.0 = Debug|iPhone
		{4C17E066-EB54-4ED7-9CEB-5492709F81F3}.Debug|x86.Deploy.0 = Debug|iPhone
		{4C17E066-EB54-4ED7-9CEB-5492709F81F3}.Release|Any CPU.ActiveCfg = Release|iPhone
		{4C17E066-EB54-4ED7-9CEB-5492709F81F3}.Release|Any CPU.Build.0 = Release|iPhone
		{4C17E066-EB54-4ED7-9CEB-5492709F81F3}.Release|Any CPU.Deploy.0 = Release|iPhone
		{4C17E066-EB54-4ED7-9CEB-5492709F81F3}.Release|ARM.ActiveCfg = Release|iPhone
		{4C17E066-EB54-4ED7-9CEB-5492709F81F3}.Release|ARM.Build.0 = Release|iPhone
		{4C17E066-EB54-4ED7-9CEB-5492709F81F3}.Release|ARM.Deploy.0 = Release|iPhone
		{4C17E066-EB54-4ED7-9CEB-5492709F81F3}.Release|iPhone.ActiveCfg = Release|iPhone
		{4C17E066-EB54-4ED7-9CEB-5492709F81F3}.Release|iPhone.Build.0 = Release|iPhone
		{4C17E066-EB54-4ED7-9CEB-5492709F81F3}.Release|iPhone.Deploy.0 = Release|iPhone
		{4C17E066-EB54-4ED7-9CEB-5492709F81F3}.Release|iPhoneSimulator.ActiveCfg = Release|iPhoneSimulator
		{4C17E066-EB54-4ED7-9CEB-5492709F81F3}.Release|iPhoneSimulator.Build.0 = Release|iPhoneSimulator
		{4C17E066-EB54-4ED7-9CEB-5492709F81F3}.Release|iPhoneSimulator.Deploy.0 = Release|iPhoneSimulator
		{4C17E066-EB54-4ED7-9CEB-5492709F81F3}.Release|x64.ActiveCfg = Release|iPhone
		{4C17E066-EB54-4ED7-9CEB-5492709F81F3}.Release|x64.Build.0 = Release|iPhone
		{4C17E066-EB54-4ED7-9CEB-5492709F81F3}.Release|x64.Deploy.0 = Release|iPhone
		{4C17E066-EB54-4ED7-9CEB-5492709F81F3}.Release|x86.ActiveCfg = Release|iPhone
		{4C17E066-EB54-4ED7-9CEB-5492709F81F3}.Release|x86.Build.0 = Release|iPhone
		{4C17E066-EB54-4ED7-9CEB-5492709F81F3}.Release|x86.Deploy.0 = Release|iPhone
		{C463B52B-CA46-4306-A051-3CCF8FA360DA}.Debug|Any CPU.ActiveCfg = Debug|Any CPU
		{C463B52B-CA46-4306-A051-3CCF8FA360DA}.Debug|Any CPU.Build.0 = Debug|Any CPU
		{C463B52B-CA46-4306-A051-3CCF8FA360DA}.Debug|Any CPU.Deploy.0 = Debug|Any CPU
		{C463B52B-CA46-4306-A051-3CCF8FA360DA}.Debug|ARM.ActiveCfg = Debug|Any CPU
		{C463B52B-CA46-4306-A051-3CCF8FA360DA}.Debug|ARM.Build.0 = Debug|Any CPU
		{C463B52B-CA46-4306-A051-3CCF8FA360DA}.Debug|ARM.Deploy.0 = Debug|Any CPU
		{C463B52B-CA46-4306-A051-3CCF8FA360DA}.Debug|iPhone.ActiveCfg = Debug|Any CPU
		{C463B52B-CA46-4306-A051-3CCF8FA360DA}.Debug|iPhone.Build.0 = Debug|Any CPU
		{C463B52B-CA46-4306-A051-3CCF8FA360DA}.Debug|iPhone.Deploy.0 = Debug|Any CPU
		{C463B52B-CA46-4306-A051-3CCF8FA360DA}.Debug|iPhoneSimulator.ActiveCfg = Debug|Any CPU
		{C463B52B-CA46-4306-A051-3CCF8FA360DA}.Debug|iPhoneSimulator.Build.0 = Debug|Any CPU
		{C463B52B-CA46-4306-A051-3CCF8FA360DA}.Debug|iPhoneSimulator.Deploy.0 = Debug|Any CPU
		{C463B52B-CA46-4306-A051-3CCF8FA360DA}.Debug|x64.ActiveCfg = Debug|Any CPU
		{C463B52B-CA46-4306-A051-3CCF8FA360DA}.Debug|x64.Build.0 = Debug|Any CPU
		{C463B52B-CA46-4306-A051-3CCF8FA360DA}.Debug|x64.Deploy.0 = Debug|Any CPU
		{C463B52B-CA46-4306-A051-3CCF8FA360DA}.Debug|x86.ActiveCfg = Debug|Any CPU
		{C463B52B-CA46-4306-A051-3CCF8FA360DA}.Debug|x86.Build.0 = Debug|Any CPU
		{C463B52B-CA46-4306-A051-3CCF8FA360DA}.Debug|x86.Deploy.0 = Debug|Any CPU
		{C463B52B-CA46-4306-A051-3CCF8FA360DA}.Release|Any CPU.ActiveCfg = Release|Any CPU
		{C463B52B-CA46-4306-A051-3CCF8FA360DA}.Release|Any CPU.Build.0 = Release|Any CPU
		{C463B52B-CA46-4306-A051-3CCF8FA360DA}.Release|Any CPU.Deploy.0 = Release|Any CPU
		{C463B52B-CA46-4306-A051-3CCF8FA360DA}.Release|ARM.ActiveCfg = Release|Any CPU
		{C463B52B-CA46-4306-A051-3CCF8FA360DA}.Release|ARM.Build.0 = Release|Any CPU
		{C463B52B-CA46-4306-A051-3CCF8FA360DA}.Release|ARM.Deploy.0 = Release|Any CPU
		{C463B52B-CA46-4306-A051-3CCF8FA360DA}.Release|iPhone.ActiveCfg = Release|Any CPU
		{C463B52B-CA46-4306-A051-3CCF8FA360DA}.Release|iPhone.Build.0 = Release|Any CPU
		{C463B52B-CA46-4306-A051-3CCF8FA360DA}.Release|iPhone.Deploy.0 = Release|Any CPU
		{C463B52B-CA46-4306-A051-3CCF8FA360DA}.Release|iPhoneSimulator.ActiveCfg = Release|Any CPU
		{C463B52B-CA46-4306-A051-3CCF8FA360DA}.Release|iPhoneSimulator.Build.0 = Release|Any CPU
		{C463B52B-CA46-4306-A051-3CCF8FA360DA}.Release|iPhoneSimulator.Deploy.0 = Release|Any CPU
		{C463B52B-CA46-4306-A051-3CCF8FA360DA}.Release|x64.ActiveCfg = Release|Any CPU
		{C463B52B-CA46-4306-A051-3CCF8FA360DA}.Release|x64.Build.0 = Release|Any CPU
		{C463B52B-CA46-4306-A051-3CCF8FA360DA}.Release|x64.Deploy.0 = Release|Any CPU
		{C463B52B-CA46-4306-A051-3CCF8FA360DA}.Release|x86.ActiveCfg = Release|Any CPU
		{C463B52B-CA46-4306-A051-3CCF8FA360DA}.Release|x86.Build.0 = Release|Any CPU
		{C463B52B-CA46-4306-A051-3CCF8FA360DA}.Release|x86.Deploy.0 = Release|Any CPU
	EndGlobalSection
	GlobalSection(SolutionProperties) = preSolution
		HideSolutionNode = FALSE
	EndGlobalSection
	GlobalSection(ExtensibilityGlobals) = postSolution
		SolutionGuid = {C635F13D-0B23-42FC-B476-9483D823E481}
	EndGlobalSection
EndGlobal
